
Microsoft Visual Studio Solution File, Format Version 12.00
# Visual Studio Version 17
VisualStudioVersion = 17.7.34031.279
MinimumVisualStudioVersion = 10.0.40219.1
Project("{FAE04EC0-301F-11D3-BF4B-00C04F79EFBC}") = "Products", "Products\Products.csproj", "{A0DADE6E-E799-4EB4-9B86-DB36CD228DD6}"
EndProject
Global
	GlobalSection(SolutionConfigurationPlatforms) = preSolution
		Debug|Any CPU = Debug|Any CPU
		Release|Any CPU = Release|Any CPU
	EndGlobalSection
	GlobalSection(ProjectConfigurationPlatforms) = postSolution
		{A0DADE6E-E799-4EB4-9B86-DB36CD228DD6}.Debug|Any CPU.ActiveCfg = Debug|Any CPU
		{A0DADE6E-E799-4EB4-9B86-DB36CD228DD6}.Debug|Any CPU.Build.0 = Debug|Any CPU
		{A0DADE6E-E799-4EB4-9B86-DB36CD228DD6}.Release|Any CPU.ActiveCfg = Release|Any CPU
		{A0DADE6E-E799-4EB4-9B86-DB36CD228DD6}.Release|Any CPU.Build.0 = Release|Any CPU
	EndGlobalSection
	GlobalSection(SolutionProperties) = preSolution
		HideSolutionNode = FALSE
	EndGlobalSection
	GlobalSection(ExtensibilityGlobals) = postSolution
		SolutionGuid = {1FF02105-0B23-4F11-BF05-70ED0FE28BE3}
	EndGlobalSection
EndGlobal
